
Microsoft Visual Studio Solution File, Format Version 12.00
# Visual Studio Version 17
VisualStudioVersion = 17.0.31903.59
MinimumVisualStudioVersion = 10.0.40219.1
Project("{2150E333-8FDC-42A3-9474-1A3956D46DE8}") = "src", "src", "{827E0CD3-B72D-47B6-A68D-7590B98EB39B}"
EndProject
Project("{FAE04EC0-301F-11D3-BF4B-00C04F79EFBC}") = "Po.VicTranslate.Api", "src\Po.VicTranslate.Api\Po.VicTranslate.Api.csproj", "{B9187827-C009-4D2F-B0EF-847913EDCDE5}"
EndProject
Project("{FAE04EC0-301F-11D3-BF4B-00C04F79EFBC}") = "Po.VicTranslate.Client", "src\Po.VicTranslate.Client\Po.VicTranslate.Client.csproj", "{E8F13BC0-401C-40FA-B1E1-C91587CC24E3}"
EndProject
Project("{2150E333-8FDC-42A3-9474-1A3956D46DE8}") = "tests", "tests", "{0AB3BF05-4346-4AA6-1389-037BE0695223}"
EndProject
Project("{FAE04EC0-301F-11D3-BF4B-00C04F79EFBC}") = "Po.VicTranslate.UnitTests", "tests\Po.VicTranslate.UnitTests\Po.VicTranslate.UnitTests.csproj", "{6E33277B-8E57-441C-B0A2-4769B2970F4C}"
EndProject
Project("{FAE04EC0-301F-11D3-BF4B-00C04F79EFBC}") = "Po.VicTranslate.IntegrationTests", "tests\Po.VicTranslate.IntegrationTests\Po.VicTranslate.IntegrationTests.csproj", "{128175C5-D829-411C-AA76-9B996DDD5B74}"
EndProject
Global
	GlobalSection(SolutionConfigurationPlatforms) = preSolution
		Debug|Any CPU = Debug|Any CPU
		Debug|x64 = Debug|x64
		Debug|x86 = Debug|x86
		Release|Any CPU = Release|Any CPU
		Release|x64 = Release|x64
		Release|x86 = Release|x86
	EndGlobalSection
	GlobalSection(ProjectConfigurationPlatforms) = postSolution
		{B9187827-C009-4D2F-B0EF-847913EDCDE5}.Debug|Any CPU.ActiveCfg = Debug|Any CPU
		{B9187827-C009-4D2F-B0EF-847913EDCDE5}.Debug|Any CPU.Build.0 = Debug|Any CPU
		{B9187827-C009-4D2F-B0EF-847913EDCDE5}.Debug|x64.ActiveCfg = Debug|Any CPU
		{B9187827-C009-4D2F-B0EF-847913EDCDE5}.Debug|x64.Build.0 = Debug|Any CPU
		{B9187827-C009-4D2F-B0EF-847913EDCDE5}.Debug|x86.ActiveCfg = Debug|Any CPU
		{B9187827-C009-4D2F-B0EF-847913EDCDE5}.Debug|x86.Build.0 = Debug|Any CPU
		{B9187827-C009-4D2F-B0EF-847913EDCDE5}.Release|Any CPU.ActiveCfg = Release|Any CPU
		{B9187827-C009-4D2F-B0EF-847913EDCDE5}.Release|Any CPU.Build.0 = Release|Any CPU
		{B9187827-C009-4D2F-B0EF-847913EDCDE5}.Release|x64.ActiveCfg = Release|Any CPU
		{B9187827-C009-4D2F-B0EF-847913EDCDE5}.Release|x64.Build.0 = Release|Any CPU
		{B9187827-C009-4D2F-B0EF-847913EDCDE5}.Release|x86.ActiveCfg = Release|Any CPU
		{B9187827-C009-4D2F-B0EF-847913EDCDE5}.Release|x86.Build.0 = Release|Any CPU
		{E8F13BC0-401C-40FA-B1E1-C91587CC24E3}.Debug|Any CPU.ActiveCfg = Debug|Any CPU
		{E8F13BC0-401C-40FA-B1E1-C91587CC24E3}.Debug|Any CPU.Build.0 = Debug|Any CPU
		{E8F13BC0-401C-40FA-B1E1-C91587CC24E3}.Debug|x64.ActiveCfg = Debug|Any CPU
		{E8F13BC0-401C-40FA-B1E1-C91587CC24E3}.Debug|x64.Build.0 = Debug|Any CPU
		{E8F13BC0-401C-40FA-B1E1-C91587CC24E3}.Debug|x86.ActiveCfg = Debug|Any CPU
		{E8F13BC0-401C-40FA-B1E1-C91587CC24E3}.Debug|x86.Build.0 = Debug|Any CPU
		{E8F13BC0-401C-40FA-B1E1-C91587CC24E3}.Release|Any CPU.ActiveCfg = Release|Any CPU
		{E8F13BC0-401C-40FA-B1E1-C91587CC24E3}.Release|Any CPU.Build.0 = Release|Any CPU
		{E8F13BC0-401C-40FA-B1E1-C91587CC24E3}.Release|x64.ActiveCfg = Release|Any CPU
		{E8F13BC0-401C-40FA-B1E1-C91587CC24E3}.Release|x64.Build.0 = Release|Any CPU
		{E8F13BC0-401C-40FA-B1E1-C91587CC24E3}.Release|x86.ActiveCfg = Release|Any CPU
		{E8F13BC0-401C-40FA-B1E1-C91587CC24E3}.Release|x86.Build.0 = Release|Any CPU
		{6E33277B-8E57-441C-B0A2-4769B2970F4C}.Debug|Any CPU.ActiveCfg = Debug|Any CPU
		{6E33277B-8E57-441C-B0A2-4769B2970F4C}.Debug|Any CPU.Build.0 = Debug|Any CPU
		{6E33277B-8E57-441C-B0A2-4769B2970F4C}.Debug|x64.ActiveCfg = Debug|Any CPU
		{6E33277B-8E57-441C-B0A2-4769B2970F4C}.Debug|x64.Build.0 = Debug|Any CPU
		{6E33277B-8E57-441C-B0A2-4769B2970F4C}.Debug|x86.ActiveCfg = Debug|Any CPU
		{6E33277B-8E57-441C-B0A2-4769B2970F4C}.Debug|x86.Build.0 = Debug|Any CPU
		{6E33277B-8E57-441C-B0A2-4769B2970F4C}.Release|Any CPU.ActiveCfg = Release|Any CPU
		{6E33277B-8E57-441C-B0A2-4769B2970F4C}.Release|Any CPU.Build.0 = Release|Any CPU
		{6E33277B-8E57-441C-B0A2-4769B2970F4C}.Release|x64.ActiveCfg = Release|Any CPU
		{6E33277B-8E57-441C-B0A2-4769B2970F4C}.Release|x64.Build.0 = Release|Any CPU
		{6E33277B-8E57-441C-B0A2-4769B2970F4C}.Release|x86.ActiveCfg = Release|Any CPU
		{6E33277B-8E57-441C-B0A2-4769B2970F4C}.Release|x86.Build.0 = Release|Any CPU
		{128175C5-D829-411C-AA76-9B996DDD5B74}.Debug|Any CPU.ActiveCfg = Debug|Any CPU
		{128175C5-D829-411C-AA76-9B996DDD5B74}.Debug|Any CPU.Build.0 = Debug|Any CPU
		{128175C5-D829-411C-AA76-9B996DDD5B74}.Debug|x64.ActiveCfg = Debug|Any CPU
		{128175C5-D829-411C-AA76-9B996DDD5B74}.Debug|x64.Build.0 = Debug|Any CPU
		{128175C5-D829-411C-AA76-9B996DDD5B74}.Debug|x86.ActiveCfg = Debug|Any CPU
		{128175C5-D829-411C-AA76-9B996DDD5B74}.Debug|x86.Build.0 = Debug|Any CPU
		{128175C5-D829-411C-AA76-9B996DDD5B74}.Release|Any CPU.ActiveCfg = Release|Any CPU
		{128175C5-D829-411C-AA76-9B996DDD5B74}.Release|Any CPU.Build.0 = Release|Any CPU
		{128175C5-D829-411C-AA76-9B996DDD5B74}.Release|x64.ActiveCfg = Release|Any CPU
		{128175C5-D829-411C-AA76-9B996DDD5B74}.Release|x64.Build.0 = Release|Any CPU
		{128175C5-D829-411C-AA76-9B996DDD5B74}.Release|x86.ActiveCfg = Release|Any CPU
		{128175C5-D829-411C-AA76-9B996DDD5B74}.Release|x86.Build.0 = Release|Any CPU
	EndGlobalSection
	GlobalSection(SolutionProperties) = preSolution
		HideSolutionNode = FALSE
	EndGlobalSection
	GlobalSection(NestedProjects) = preSolution
		{B9187827-C009-4D2F-B0EF-847913EDCDE5} = {827E0CD3-B72D-47B6-A68D-7590B98EB39B}
		{E8F13BC0-401C-40FA-B1E1-C91587CC24E3} = {827E0CD3-B72D-47B6-A68D-7590B98EB39B}
		{6E33277B-8E57-441C-B0A2-4769B2970F4C} = {0AB3BF05-4346-4AA6-1389-037BE0695223}
		{128175C5-D829-411C-AA76-9B996DDD5B74} = {0AB3BF05-4346-4AA6-1389-037BE0695223}
	EndGlobalSection
EndGlobal
