Microsoft Visual Studio Solution File, Format Version 12.00
# Visual Studio Version 16
VisualStudioVersion = 16.0.0.0
MinimumVisualStudioVersion = 16.0.0.0
Project("{FAE04EC0-301F-11D3-BF4B-00C04F79EFBC}") = "VictorianTranslator.Client", "VictorianTranslator.Client\VictorianTranslator.Client.csproj", "{284C4B92-1D1C-478D-B138-C27D6EA02C1D}"
EndProject
Project("{FAE04EC0-301F-11D3-BF4B-00C04F79EFBC}") = "VictorianTranslator.Server", "VictorianTranslator.Server\VictorianTranslator.Server.csproj", "{6FD0B905-4065-430A-B841-0DC6F142827A}"
EndProject
Global
	GlobalSection(SolutionConfigurationPlatforms) = preSolution
		Debug|Any CPU = Debug|Any CPU
		Release|Any CPU = Release|Any CPU
	EndGlobalSection
	GlobalSection(ProjectConfigurationPlatforms) = postSolution
		{284C4B92-1D1C-478D-B138-C27D6EA02C1D}.Debug|Any CPU.ActiveCfg = Debug|Any CPU
		{284C4B92-1D1C-478D-B138-C27D6EA02C1D}.Debug|Any CPU.Build.0 = Debug|Any CPU
		{284C4B92-1D1C-478D-B138-C27D6EA02C1D}.Release|Any CPU.ActiveCfg = Release|Any CPU
		{284C4B92-1D1C-478D-B138-C27D6EA02C1D}.Release|Any CPU.Build.0 = Release|Any CPU
		{6FD0B905-4065-430A-B841-0DC6F142827A}.Debug|Any CPU.ActiveCfg = Debug|Any CPU
		{6FD0B905-4065-430A-B841-0DC6F142827A}.Debug|Any CPU.Build.0 = Debug|Any CPU
		{6FD0B905-4065-430A-B841-0DC6F142827A}.Release|Any CPU.ActiveCfg = Release|Any CPU
		{6FD0B905-4065-430A-B841-0DC6F142827A}.Release|Any CPU.Build.0 = Release|Any CPU
	EndGlobalSection
	GlobalSection(SolutionProperties) = preSolution
		HideSolutionNode = FALSE
	EndGlobalSection
	GlobalSection(ExtensibilityGlobals) = postSolution
		SolutionGuid = {B7AD0061-C358-4A27-B0D2-EA8EE7904065}
	EndGlobalSection
EndGlobal
