
Microsoft Visual Studio Solution File, Format Version 12.00
# Visual Studio Version 17
VisualStudioVersion = 17.0.31903.59
MinimumVisualStudioVersion = 10.0.40219.1
Project("{2150E333-8FDC-42A3-9474-1A3956D46DE8}") = "src", "src", "{827E0CD3-B72D-47B6-A68D-7590B98EB39B}"
EndProject
Project("{2150E333-8FDC-42A3-9474-1A3956D46DE8}") = "tests", "tests", "{0AB3BF05-4346-4AA6-1389-037BE0695223}"
EndProject
Project("{FAE04EC0-301F-11D3-BF4B-00C04F79EFBC}") = "Po.VicTranslate.UnitTests", "tests\Po.VicTranslate.UnitTests\Po.VicTranslate.UnitTests.csproj", "{6E33277B-8E57-441C-B0A2-4769B2970F4C}"
EndProject
Project("{FAE04EC0-301F-11D3-BF4B-00C04F79EFBC}") = "Po.VicTranslate.IntegrationTests", "tests\Po.VicTranslate.IntegrationTests\Po.VicTranslate.IntegrationTests.csproj", "{128175C5-D829-411C-AA76-9B996DDD5B74}"
EndProject
Project("{FAE04EC0-301F-11D3-BF4B-00C04F79EFBC}") = "PoVicTranslate.AppHost", "src\PoVicTranslate.AppHost\PoVicTranslate.AppHost.csproj", "{9F31744E-5CD1-4F91-A7F5-4AA04321E63E}"
EndProject
Project("{FAE04EC0-301F-11D3-BF4B-00C04F79EFBC}") = "PoVicTranslate.ServiceDefaults", "src\PoVicTranslate.ServiceDefaults\PoVicTranslate.ServiceDefaults.csproj", "{62251558-F059-4472-9B68-F2553EA2751C}"
EndProject
Project("{FAE04EC0-301F-11D3-BF4B-00C04F79EFBC}") = "PoVicTranslate.Web", "src\PoVicTranslate.Web\PoVicTranslate.Web.csproj", "{812B0602-D5E5-4FA8-9590-E48FC130F677}"
EndProject
Project("{FAE04EC0-301F-11D3-BF4B-00C04F79EFBC}") = "PoVicTranslate.Web.Client", "src\PoVicTranslate.Web.Client\PoVicTranslate.Web.Client.csproj", "{1445E0A3-B700-43D4-B2C5-97487DD2BA8C}"
EndProject
Global
	GlobalSection(SolutionConfigurationPlatforms) = preSolution
		Debug|Any CPU = Debug|Any CPU
		Debug|x64 = Debug|x64
		Debug|x86 = Debug|x86
		Release|Any CPU = Release|Any CPU
		Release|x64 = Release|x64
		Release|x86 = Release|x86
	EndGlobalSection
	GlobalSection(ProjectConfigurationPlatforms) = postSolution
		{6E33277B-8E57-441C-B0A2-4769B2970F4C}.Debug|Any CPU.ActiveCfg = Debug|Any CPU
		{6E33277B-8E57-441C-B0A2-4769B2970F4C}.Debug|Any CPU.Build.0 = Debug|Any CPU
		{6E33277B-8E57-441C-B0A2-4769B2970F4C}.Debug|x64.ActiveCfg = Debug|Any CPU
		{6E33277B-8E57-441C-B0A2-4769B2970F4C}.Debug|x64.Build.0 = Debug|Any CPU
		{6E33277B-8E57-441C-B0A2-4769B2970F4C}.Debug|x86.ActiveCfg = Debug|Any CPU
		{6E33277B-8E57-441C-B0A2-4769B2970F4C}.Debug|x86.Build.0 = Debug|Any CPU
		{6E33277B-8E57-441C-B0A2-4769B2970F4C}.Release|Any CPU.ActiveCfg = Release|Any CPU
		{6E33277B-8E57-441C-B0A2-4769B2970F4C}.Release|Any CPU.Build.0 = Release|Any CPU
		{6E33277B-8E57-441C-B0A2-4769B2970F4C}.Release|x64.ActiveCfg = Release|Any CPU
		{6E33277B-8E57-441C-B0A2-4769B2970F4C}.Release|x64.Build.0 = Release|Any CPU
		{6E33277B-8E57-441C-B0A2-4769B2970F4C}.Release|x86.ActiveCfg = Release|Any CPU
		{6E33277B-8E57-441C-B0A2-4769B2970F4C}.Release|x86.Build.0 = Release|Any CPU
		{128175C5-D829-411C-AA76-9B996DDD5B74}.Debug|Any CPU.ActiveCfg = Debug|Any CPU
		{128175C5-D829-411C-AA76-9B996DDD5B74}.Debug|Any CPU.Build.0 = Debug|Any CPU
		{128175C5-D829-411C-AA76-9B996DDD5B74}.Debug|x64.ActiveCfg = Debug|Any CPU
		{128175C5-D829-411C-AA76-9B996DDD5B74}.Debug|x64.Build.0 = Debug|Any CPU
		{128175C5-D829-411C-AA76-9B996DDD5B74}.Debug|x86.ActiveCfg = Debug|Any CPU
		{128175C5-D829-411C-AA76-9B996DDD5B74}.Debug|x86.Build.0 = Debug|Any CPU
		{128175C5-D829-411C-AA76-9B996DDD5B74}.Release|Any CPU.ActiveCfg = Release|Any CPU
		{128175C5-D829-411C-AA76-9B996DDD5B74}.Release|Any CPU.Build.0 = Release|Any CPU
		{128175C5-D829-411C-AA76-9B996DDD5B74}.Release|x64.ActiveCfg = Release|Any CPU
		{128175C5-D829-411C-AA76-9B996DDD5B74}.Release|x64.Build.0 = Release|Any CPU
		{128175C5-D829-411C-AA76-9B996DDD5B74}.Release|x86.ActiveCfg = Release|Any CPU
		{128175C5-D829-411C-AA76-9B996DDD5B74}.Release|x86.Build.0 = Release|Any CPU
		{9F31744E-5CD1-4F91-A7F5-4AA04321E63E}.Debug|Any CPU.ActiveCfg = Debug|Any CPU
		{9F31744E-5CD1-4F91-A7F5-4AA04321E63E}.Debug|Any CPU.Build.0 = Debug|Any CPU
		{9F31744E-5CD1-4F91-A7F5-4AA04321E63E}.Debug|x64.ActiveCfg = Debug|Any CPU
		{9F31744E-5CD1-4F91-A7F5-4AA04321E63E}.Debug|x64.Build.0 = Debug|Any CPU
		{9F31744E-5CD1-4F91-A7F5-4AA04321E63E}.Debug|x86.ActiveCfg = Debug|Any CPU
		{9F31744E-5CD1-4F91-A7F5-4AA04321E63E}.Debug|x86.Build.0 = Debug|Any CPU
		{9F31744E-5CD1-4F91-A7F5-4AA04321E63E}.Release|Any CPU.ActiveCfg = Release|Any CPU
		{9F31744E-5CD1-4F91-A7F5-4AA04321E63E}.Release|Any CPU.Build.0 = Release|Any CPU
		{9F31744E-5CD1-4F91-A7F5-4AA04321E63E}.Release|x64.ActiveCfg = Release|Any CPU
		{9F31744E-5CD1-4F91-A7F5-4AA04321E63E}.Release|x64.Build.0 = Release|Any CPU
		{9F31744E-5CD1-4F91-A7F5-4AA04321E63E}.Release|x86.ActiveCfg = Release|Any CPU
		{9F31744E-5CD1-4F91-A7F5-4AA04321E63E}.Release|x86.Build.0 = Release|Any CPU
		{62251558-F059-4472-9B68-F2553EA2751C}.Debug|Any CPU.ActiveCfg = Debug|Any CPU
		{62251558-F059-4472-9B68-F2553EA2751C}.Debug|Any CPU.Build.0 = Debug|Any CPU
		{62251558-F059-4472-9B68-F2553EA2751C}.Debug|x64.ActiveCfg = Debug|Any CPU
		{62251558-F059-4472-9B68-F2553EA2751C}.Debug|x64.Build.0 = Debug|Any CPU
		{62251558-F059-4472-9B68-F2553EA2751C}.Debug|x86.ActiveCfg = Debug|Any CPU
		{62251558-F059-4472-9B68-F2553EA2751C}.Debug|x86.Build.0 = Debug|Any CPU
		{62251558-F059-4472-9B68-F2553EA2751C}.Release|Any CPU.ActiveCfg = Release|Any CPU
		{62251558-F059-4472-9B68-F2553EA2751C}.Release|Any CPU.Build.0 = Release|Any CPU
		{62251558-F059-4472-9B68-F2553EA2751C}.Release|x64.ActiveCfg = Release|Any CPU
		{62251558-F059-4472-9B68-F2553EA2751C}.Release|x64.Build.0 = Release|Any CPU
		{62251558-F059-4472-9B68-F2553EA2751C}.Release|x86.ActiveCfg = Release|Any CPU
		{62251558-F059-4472-9B68-F2553EA2751C}.Release|x86.Build.0 = Release|Any CPU
		{812B0602-D5E5-4FA8-9590-E48FC130F677}.Debug|Any CPU.ActiveCfg = Debug|Any CPU
		{812B0602-D5E5-4FA8-9590-E48FC130F677}.Debug|Any CPU.Build.0 = Debug|Any CPU
		{812B0602-D5E5-4FA8-9590-E48FC130F677}.Debug|x64.ActiveCfg = Debug|Any CPU
		{812B0602-D5E5-4FA8-9590-E48FC130F677}.Debug|x64.Build.0 = Debug|Any CPU
		{812B0602-D5E5-4FA8-9590-E48FC130F677}.Debug|x86.ActiveCfg = Debug|Any CPU
		{812B0602-D5E5-4FA8-9590-E48FC130F677}.Debug|x86.Build.0 = Debug|Any CPU
		{812B0602-D5E5-4FA8-9590-E48FC130F677}.Release|Any CPU.ActiveCfg = Release|Any CPU
		{812B0602-D5E5-4FA8-9590-E48FC130F677}.Release|Any CPU.Build.0 = Release|Any CPU
		{812B0602-D5E5-4FA8-9590-E48FC130F677}.Release|x64.ActiveCfg = Release|Any CPU
		{812B0602-D5E5-4FA8-9590-E48FC130F677}.Release|x64.Build.0 = Release|Any CPU
		{812B0602-D5E5-4FA8-9590-E48FC130F677}.Release|x86.ActiveCfg = Release|Any CPU
		{812B0602-D5E5-4FA8-9590-E48FC130F677}.Release|x86.Build.0 = Release|Any CPU
		{1445E0A3-B700-43D4-B2C5-97487DD2BA8C}.Debug|Any CPU.ActiveCfg = Debug|Any CPU
		{1445E0A3-B700-43D4-B2C5-97487DD2BA8C}.Debug|Any CPU.Build.0 = Debug|Any CPU
		{1445E0A3-B700-43D4-B2C5-97487DD2BA8C}.Debug|x64.ActiveCfg = Debug|Any CPU
		{1445E0A3-B700-43D4-B2C5-97487DD2BA8C}.Debug|x64.Build.0 = Debug|Any CPU
		{1445E0A3-B700-43D4-B2C5-97487DD2BA8C}.Debug|x86.ActiveCfg = Debug|Any CPU
		{1445E0A3-B700-43D4-B2C5-97487DD2BA8C}.Debug|x86.Build.0 = Debug|Any CPU
		{1445E0A3-B700-43D4-B2C5-97487DD2BA8C}.Release|Any CPU.ActiveCfg = Release|Any CPU
		{1445E0A3-B700-43D4-B2C5-97487DD2BA8C}.Release|Any CPU.Build.0 = Release|Any CPU
		{1445E0A3-B700-43D4-B2C5-97487DD2BA8C}.Release|x64.ActiveCfg = Release|Any CPU
		{1445E0A3-B700-43D4-B2C5-97487DD2BA8C}.Release|x64.Build.0 = Release|Any CPU
		{1445E0A3-B700-43D4-B2C5-97487DD2BA8C}.Release|x86.ActiveCfg = Release|Any CPU
		{1445E0A3-B700-43D4-B2C5-97487DD2BA8C}.Release|x86.Build.0 = Release|Any CPU
	EndGlobalSection
	GlobalSection(SolutionProperties) = preSolution
		HideSolutionNode = FALSE
	EndGlobalSection
	GlobalSection(NestedProjects) = preSolution
		{6E33277B-8E57-441C-B0A2-4769B2970F4C} = {0AB3BF05-4346-4AA6-1389-037BE0695223}
		{128175C5-D829-411C-AA76-9B996DDD5B74} = {0AB3BF05-4346-4AA6-1389-037BE0695223}
		{9F31744E-5CD1-4F91-A7F5-4AA04321E63E} = {827E0CD3-B72D-47B6-A68D-7590B98EB39B}
		{62251558-F059-4472-9B68-F2553EA2751C} = {827E0CD3-B72D-47B6-A68D-7590B98EB39B}
		{812B0602-D5E5-4FA8-9590-E48FC130F677} = {827E0CD3-B72D-47B6-A68D-7590B98EB39B}
		{1445E0A3-B700-43D4-B2C5-97487DD2BA8C} = {827E0CD3-B72D-47B6-A68D-7590B98EB39B}
	EndGlobalSection
EndGlobal
